
Microsoft Visual Studio Solution File, Format Version 11.00
# Visual Studio 2010
Project("{FAE04EC0-301F-11D3-BF4B-00C04F79EFBC}") = "ODiff", "ODiff\ODiff.csproj", "{7B81E3DE-A5F4-4242-91F5-FF6E6570B2A4}"
EndProject
Project("{FAE04EC0-301F-11D3-BF4B-00C04F79EFBC}") = "ODiff.Tests", "ODiff.Tests\ODiff.Tests.csproj", "{49E12160-3FD4-4C3A-A291-DF70AE3D5E46}"
EndProject
Global
	GlobalSection(SolutionConfigurationPlatforms) = preSolution
		Debug|Any CPU = Debug|Any CPU
		Release|Any CPU = Release|Any CPU
	EndGlobalSection
	GlobalSection(ProjectConfigurationPlatforms) = postSolution
		{7B81E3DE-A5F4-4242-91F5-FF6E6570B2A4}.Debug|Any CPU.ActiveCfg = Debug|Any CPU
		{7B81E3DE-A5F4-4242-91F5-FF6E6570B2A4}.Debug|Any CPU.Build.0 = Debug|Any CPU
		{7B81E3DE-A5F4-4242-91F5-FF6E6570B2A4}.Release|Any CPU.ActiveCfg = Release|Any CPU
		{7B81E3DE-A5F4-4242-91F5-FF6E6570B2A4}.Release|Any CPU.Build.0 = Release|Any CPU
		{49E12160-3FD4-4C3A-A291-DF70AE3D5E46}.Debug|Any CPU.ActiveCfg = Debug|Any CPU
		{49E12160-3FD4-4C3A-A291-DF70AE3D5E46}.Debug|Any CPU.Build.0 = Debug|Any CPU
		{49E12160-3FD4-4C3A-A291-DF70AE3D5E46}.Release|Any CPU.ActiveCfg = Release|Any CPU
		{49E12160-3FD4-4C3A-A291-DF70AE3D5E46}.Release|Any CPU.Build.0 = Release|Any CPU
	EndGlobalSection
	GlobalSection(SolutionProperties) = preSolution
		HideSolutionNode = FALSE
	EndGlobalSection
EndGlobal
